{
    "_meta": {
        "hash": {
            "sha256": "75ffa2252612c2523366eeb1154b39d4a9c5fd442efdcef20a2cf906b129b363"
        },
        "pipfile-spec": 6,
        "requires": {
            "python_version": "3.7.5"
        },
        "sources": [
            {
                "name": "pypi",
                "url": "https://pypi.org/simple",
                "verify_ssl": true
            }
        ]
    },
    "default": {
        "hurry": {
            "hashes": [
                "sha256:73fee7972e843e9558c8629ea9d6b8c90ac5aa7a4d3207e98f19b70fb243a879",
                "sha256:9a7d0c4c8086532263a47307d9fbf3e8c0417a08217cd71af3f7faa8503ae8e1"
            ],
            "index": "pypi",
            "version": "==1.1"
        }
    },
    "develop": {}
}
